
Microsoft Visual Studio Solution File, Format Version 12.00
# Visual Studio Version 17
VisualStudioVersion = 17.3.32929.385
MinimumVisualStudioVersion = 10.0.40219.1
Project("{FAE04EC0-301F-11D3-BF4B-00C04F79EFBC}") = "Ohoy Exploration Prototype", "Ohoy Exploration Prototype.csproj", "{CC9C342B-753A-4E7D-AB3F-CB72440A1BED}"
EndProject
Global
	GlobalSection(SolutionConfigurationPlatforms) = preSolution
		Debug|Any CPU = Debug|Any CPU
		Release|Any CPU = Release|Any CPU
	EndGlobalSection
	GlobalSection(ProjectConfigurationPlatforms) = postSolution
		{CC9C342B-753A-4E7D-AB3F-CB72440A1BED}.Debug|Any CPU.ActiveCfg = Debug|Any CPU
		{CC9C342B-753A-4E7D-AB3F-CB72440A1BED}.Debug|Any CPU.Build.0 = Debug|Any CPU
		{CC9C342B-753A-4E7D-AB3F-CB72440A1BED}.Release|Any CPU.ActiveCfg = Release|Any CPU
		{CC9C342B-753A-4E7D-AB3F-CB72440A1BED}.Release|Any CPU.Build.0 = Release|Any CPU
	EndGlobalSection
	GlobalSection(SolutionProperties) = preSolution
		HideSolutionNode = FALSE
	EndGlobalSection
	GlobalSection(ExtensibilityGlobals) = postSolution
		SolutionGuid = {1F4703A0-4334-4518-946D-BEA8DD31F267}
	EndGlobalSection
EndGlobal
